<?xml version="1.0" encoding="utf-8"?>
<Project ToolsVersion="4.0" xmlns="http://schemas.microsoft.com/developer/msbuild/2003">
  <ItemGroup>
    <Filter Include="Source Files">
      <UniqueIdentifier>{4FC737F1-C7A5-4376-A066-2A32D752A2FF}</UniqueIdentifier>
      <Extensions>cpp;c;cc;cxx;c++;cppm;ixx;def;odl;idl;hpj;bat;asm;asmx</Extensions>
    </Filter>
    <Filter Include="Header Files">
      <UniqueIdentifier>{93995380-89BD-4b04-88EB-625FBE52EBFB}</UniqueIdentifier>
      <Extensions>h;hh;hpp;hxx;h++;hm;inl;inc;ipp;xsd</Extensions>
    </Filter>
    <Filter Include="Resource Files">
      <UniqueIdentifier>{67DA6AB6-F800-4c08-8B7A-83BB121AAD01}</UniqueIdentifier>
      <Extensions>rc;ico;cur;bmp;dlg;rc2;rct;bin;rgs;gif;jpg;jpeg;jpe;resx;tiff;tif;png;wav;mfcribbon-ms</Extensions>
    </Filter>
  </ItemGroup>
  <ItemGroup>
    <ClInclude Include="framework.h">
      <Filter>Header Files</Filter>
    </ClInclude>
    <ClInclude Include="targetver.h">
      <Filter>Header Files</Filter>
    </ClInclude>
    <ClInclude Include="resource.h">
      <Filter>Header Files</Filter>
    </ClInclude>
    <ClInclude Include="lab3.h">
      <Filter>Header Files</Filter>
    </ClInclude>
    <ClInclude Include="shape_editor.h">
      <Filter>Header Files</Filter>
    </ClInclude>
    <ClInclude Include="editor.h">
      <Filter>Header Files</Filter>
    </ClInclude>
    <ClInclude Include="shape.h">
      <Filter>Header Files</Filter>
    </ClInclude>
    <ClInclude Include="ShapeEditor.h">
      <Filter>Header Files</Filter>
    </ClInclude>
    <ClInclude Include="point_editor.h">
      <Filter>Header Files</Filter>
    </ClInclude>
    <ClInclude Include="point_shape.h">
      <Filter>Header Files</Filter>
    </ClInclude>
    <ClInclude Include="line_editor.h">
      <Filter>Header Files</Filter>
    </ClInclude>
    <ClInclude Include="line_shape.h">
      <Filter>Header Files</Filter>
    </ClInclude>
    <ClInclude Include="rect_editor.h">
      <Filter>Header Files</Filter>
    </ClInclude>
    <ClInclude Include="rect_shape.h">
      <Filter>Header Files</Filter>
    </ClInclude>
    <ClInclude Include="ellipse_editor.h">
      <Filter>Header Files</Filter>
    </ClInclude>
    <ClInclude Include="ellipse_shape.h">
      <Filter>Header Files</Filter>
    </ClInclude>
    <ClInclude Include="toolbar.h">
      <Filter>Header Files</Filter>
    </ClInclude>
  </ItemGroup>
  <ItemGroup>
    <ClCompile Include="lab3.cpp">
      <Filter>Source Files</Filter>
    </ClCompile>
    <ClCompile Include="shape_editor.cpp">
      <Filter>Source Files</Filter>
    </ClCompile>
    <ClCompile Include="shape.cpp">
      <Filter>Source Files</Filter>
    </ClCompile>
    <ClCompile Include="ShapeEditor.cpp">
      <Filter>Source Files</Filter>
    </ClCompile>
    <ClCompile Include="point_editor.cpp">
      <Filter>Source Files</Filter>
    </ClCompile>
    <ClCompile Include="point_shape.cpp">
      <Filter>Source Files</Filter>
    </ClCompile>
    <ClCompile Include="line_editor.cpp">
      <Filter>Source Files</Filter>
    </ClCompile>
    <ClCompile Include="line_shape.cpp">
      <Filter>Source Files</Filter>
    </ClCompile>
    <ClCompile Include="rect_editor.cpp">
      <Filter>Source Files</Filter>
    </ClCompile>
    <ClCompile Include="rect_shape.cpp">
      <Filter>Source Files</Filter>
    </ClCompile>
    <ClCompile Include="ellipse_editor.cpp">
      <Filter>Source Files</Filter>
    </ClCompile>
    <ClCompile Include="ellipse_shape.cpp">
      <Filter>Source Files</Filter>
    </ClCompile>
    <ClCompile Include="toolbar.cpp">
      <Filter>Source Files</Filter>
    </ClCompile>
  </ItemGroup>
  <ItemGroup>
    <ResourceCompile Include="lab3.rc">
      <Filter>Resource Files</Filter>
    </ResourceCompile>
  </ItemGroup>
  <ItemGroup>
    <Image Include="small.ico">
      <Filter>Resource Files</Filter>
    </Image>
    <Image Include="lab3.ico">
      <Filter>Resource Files</Filter>
    </Image>
    <Image Include="bitmap1.bmp">
      <Filter>Resource Files</Filter>
    </Image>
  </ItemGroup>
  <ItemGroup>
    <None Include="ClassDiagram.cd" />
  </ItemGroup>
</Project>